
Microsoft Visual Studio Solution File, Format Version 12.00
# Visual Studio Version 17
VisualStudioVersion = 17.3.32825.248
MinimumVisualStudioVersion = 10.0.40219.1
Project("{FAE04EC0-301F-11D3-BF4B-00C04F79EFBC}") = "Quiz", "Quiz\Quiz.csproj", "{6736AC86-A315-46CB-8379-4D80CCEF798A}"
EndProject
Global
	GlobalSection(SolutionConfigurationPlatforms) = preSolution
		Debug|Any CPU = Debug|Any CPU
		Release|Any CPU = Release|Any CPU
	EndGlobalSection
	GlobalSection(ProjectConfigurationPlatforms) = postSolution
		{6736AC86-A315-46CB-8379-4D80CCEF798A}.Debug|Any CPU.ActiveCfg = Debug|Any CPU
		{6736AC86-A315-46CB-8379-4D80CCEF798A}.Debug|Any CPU.Build.0 = Debug|Any CPU
		{6736AC86-A315-46CB-8379-4D80CCEF798A}.Release|Any CPU.ActiveCfg = Release|Any CPU
		{6736AC86-A315-46CB-8379-4D80CCEF798A}.Release|Any CPU.Build.0 = Release|Any CPU
	EndGlobalSection
	GlobalSection(SolutionProperties) = preSolution
		HideSolutionNode = FALSE
	EndGlobalSection
	GlobalSection(ExtensibilityGlobals) = postSolution
		SolutionGuid = {271B07C5-CE75-476C-ACA4-C7EC8DB7F80F}
	EndGlobalSection
EndGlobal
